
Microsoft Visual Studio Solution File, Format Version 12.00
# Visual Studio Version 16
VisualStudioVersion = 16.0.31729.503
MinimumVisualStudioVersion = 10.0.40219.1
Project("{FAE04EC0-301F-11D3-BF4B-00C04F79EFBC}") = "Proms", "Proms.csproj", "{4EE6D1B7-CA3F-42E6-9A11-34433B59FA4E}"
EndProject
Global
	GlobalSection(SolutionConfigurationPlatforms) = preSolution
		Debug|Any CPU = Debug|Any CPU
		Release|Any CPU = Release|Any CPU
	EndGlobalSection
	GlobalSection(ProjectConfigurationPlatforms) = postSolution
		{4EE6D1B7-CA3F-42E6-9A11-34433B59FA4E}.Debug|Any CPU.ActiveCfg = Debug|Any CPU
		{4EE6D1B7-CA3F-42E6-9A11-34433B59FA4E}.Debug|Any CPU.Build.0 = Debug|Any CPU
		{4EE6D1B7-CA3F-42E6-9A11-34433B59FA4E}.Release|Any CPU.ActiveCfg = Release|Any CPU
		{4EE6D1B7-CA3F-42E6-9A11-34433B59FA4E}.Release|Any CPU.Build.0 = Release|Any CPU
	EndGlobalSection
	GlobalSection(SolutionProperties) = preSolution
		HideSolutionNode = FALSE
	EndGlobalSection
	GlobalSection(ExtensibilityGlobals) = postSolution
		SolutionGuid = {8EC29769-47F5-43D8-8B7E-6446F274B71A}
	EndGlobalSection
EndGlobal
